// !$*UTF8*$!
{
	archiveVersion = 1;
	classes = {
	};
	objectVersion = 46;
	objects = {

/* Begin PBXBuildFile section */
		E8452D6D1F84D708001B9055 /* main.m in Sources */ = {isa = PBXBuildFile; fileRef = E8452D6C1F84D708001B9055 /* main.m */; };
		E8452D701F84D708001B9055 /* AppDelegate.m in Sources */ = {isa = PBXBuildFile; fileRef = E8452D6F1F84D708001B9055 /* AppDelegate.m */; };
		E8452D781F84D708001B9055 /* Assets.xcassets in Resources */ = {isa = PBXBuildFile; fileRef = E8452D771F84D708001B9055 /* Assets.xcassets */; };
		E8452D8B1F84DCF5001B9055 /* MFAnimationTransitionMigrateEnter.m in Sources */ = {isa = PBXBuildFile; fileRef = E8452D861F84DCF5001B9055 /* MFAnimationTransitionMigrateEnter.m */; };
		E8452D8C1F84DCF5001B9055 /* MFAnimationTransitionMigrateExit.m in Sources */ = {isa = PBXBuildFile; fileRef = E8452D881F84DCF5001B9055 /* MFAnimationTransitionMigrateExit.m */; };
		E8452D8D1F84DCF5001B9055 /* UIViewController+MFAnimationTransitionMigrate.m in Sources */ = {isa = PBXBuildFile; fileRef = E8452D8A1F84DCF5001B9055 /* UIViewController+MFAnimationTransitionMigrate.m */; };
		E8452D931F84DDBA001B9055 /* FirstViewController.m in Sources */ = {isa = PBXBuildFile; fileRef = E8452D921F84DDBA001B9055 /* FirstViewController.m */; };
		E8452D981F84E34D001B9055 /* SecondViewController.m in Sources */ = {isa = PBXBuildFile; fileRef = E8452D971F84E34D001B9055 /* SecondViewController.m */; };
		E8452D9B1F84F351001B9055 /* ThirdViewController.m in Sources */ = {isa = PBXBuildFile; fileRef = E8452D9A1F84F351001B9055 /* ThirdViewController.m */; };
		E8452D9E1F84FEDC001B9055 /* TableViewController.m in Sources */ = {isa = PBXBuildFile; fileRef = E8452D9D1F84FEDC001B9055 /* TableViewController.m */; };
		E8452DA21F84FF6E001B9055 /* TableViewCell.m in Sources */ = {isa = PBXBuildFile; fileRef = E8452DA01F84FF6E001B9055 /* TableViewCell.m */; };
		E8452DA31F84FF6E001B9055 /* TableViewCell.xib in Resources */ = {isa = PBXBuildFile; fileRef = E8452DA11F84FF6E001B9055 /* TableViewCell.xib */; };
		E8452DA81F852346001B9055 /* CollectionViewController.m in Sources */ = {isa = PBXBuildFile; fileRef = E8452DA71F852346001B9055 /* CollectionViewController.m */; };
		E8452DAC1F8525F2001B9055 /* CollectionViewCell.m in Sources */ = {isa = PBXBuildFile; fileRef = E8452DAA1F8525F2001B9055 /* CollectionViewCell.m */; };
		E8452DAD1F8525F2001B9055 /* CollectionViewCell.xib in Resources */ = {isa = PBXBuildFile; fileRef = E8452DAB1F8525F2001B9055 /* CollectionViewCell.xib */; };
/* End PBXBuildFile section */

/* Begin PBXFileReference section */
		E8452D681F84D708001B9055 /* MFAnimationTransitionMigratDemo.app */ = {isa = PBXFileReference; explicitFileType = wrapper.application; includeInIndex = 0; path = MFAnimationTransitionMigratDemo.app; sourceTree = BUILT_PRODUCTS_DIR; };
		E8452D6C1F84D708001B9055 /* main.m */ = {isa = PBXFileReference; lastKnownFileType = sourcecode.c.objc; path = main.m; sourceTree = "<group>"; };
		E8452D6E1F84D708001B9055 /* AppDelegate.h */ = {isa = PBXFileReference; lastKnownFileType = sourcecode.c.h; path = AppDelegate.h; sourceTree = "<group>"; };
		E8452D6F1F84D708001B9055 /* AppDelegate.m */ = {isa = PBXFileReference; lastKnownFileType = sourcecode.c.objc; path = AppDelegate.m; sourceTree = "<group>"; };
		E8452D771F84D708001B9055 /* Assets.xcassets */ = {isa = PBXFileReference; lastKnownFileType = folder.assetcatalog; path = Assets.xcassets; sourceTree = "<group>"; };
		E8452D7C1F84D708001B9055 /* Info.plist */ = {isa = PBXFileReference; lastKnownFileType = text.plist.xml; path = Info.plist; sourceTree = "<group>"; };
		E8452D851F84DCF5001B9055 /* MFAnimationTransitionMigrateEnter.h */ = {isa = PBXFileReference; fileEncoding = 4; lastKnownFileType = sourcecode.c.h; path = MFAnimationTransitionMigrateEnter.h; sourceTree = "<group>"; };
		E8452D861F84DCF5001B9055 /* MFAnimationTransitionMigrateEnter.m */ = {isa = PBXFileReference; fileEncoding = 4; lastKnownFileType = sourcecode.c.objc; path = MFAnimationTransitionMigrateEnter.m; sourceTree = "<group>"; };
		E8452D871F84DCF5001B9055 /* MFAnimationTransitionMigrateExit.h */ = {isa = PBXFileReference; fileEncoding = 4; lastKnownFileType = sourcecode.c.h; path = MFAnimationTransitionMigrateExit.h; sourceTree = "<group>"; };
		E8452D881F84DCF5001B9055 /* MFAnimationTransitionMigrateExit.m */ = {isa = PBXFileReference; fileEncoding = 4; lastKnownFileType = sourcecode.c.objc; path = MFAnimationTransitionMigrateExit.m; sourceTree = "<group>"; };
		E8452D891F84DCF5001B9055 /* UIViewController+MFAnimationTransitionMigrate.h */ = {isa = PBXFileReference; fileEncoding = 4; lastKnownFileType = sourcecode.c.h; path = "UIViewController+MFAnimationTransitionMigrate.h"; sourceTree = "<group>"; };
		E8452D8A1F84DCF5001B9055 /* UIViewController+MFAnimationTransitionMigrate.m */ = {isa = PBXFileReference; fileEncoding = 4; lastKnownFileType = sourcecode.c.objc; path = "UIViewController+MFAnimationTransitionMigrate.m"; sourceTree = "<group>"; };
		E8452D911F84DDBA001B9055 /* FirstViewController.h */ = {isa = PBXFileReference; fileEncoding = 4; lastKnownFileType = sourcecode.c.h; path = FirstViewController.h; sourceTree = "<group>"; };
		E8452D921F84DDBA001B9055 /* FirstViewController.m */ = {isa = PBXFileReference; fileEncoding = 4; lastKnownFileType = sourcecode.c.objc; path = FirstViewController.m; sourceTree = "<group>"; };
		E8452D961F84E34D001B9055 /* SecondViewController.h */ = {isa = PBXFileReference; fileEncoding = 4; lastKnownFileType = sourcecode.c.h; path = SecondViewController.h; sourceTree = "<group>"; };
		E8452D971F84E34D001B9055 /* SecondViewController.m */ = {isa = PBXFileReference; fileEncoding = 4; lastKnownFileType = sourcecode.c.objc; path = SecondViewController.m; sourceTree = "<group>"; };
		E8452D991F84F351001B9055 /* ThirdViewController.h */ = {isa = PBXFileReference; fileEncoding = 4; lastKnownFileType = sourcecode.c.h; path = ThirdViewController.h; sourceTree = "<group>"; };
		E8452D9A1F84F351001B9055 /* ThirdViewController.m */ = {isa = PBXFileReference; fileEncoding = 4; lastKnownFileType = sourcecode.c.objc; path = ThirdViewController.m; sourceTree = "<group>"; };
		E8452D9C1F84FEDC001B9055 /* TableViewController.h */ = {isa = PBXFileReference; fileEncoding = 4; lastKnownFileType = sourcecode.c.h; path = TableViewController.h; sourceTree = "<group>"; };
		E8452D9D1F84FEDC001B9055 /* TableViewController.m */ = {isa = PBXFileReference; fileEncoding = 4; lastKnownFileType = sourcecode.c.objc; path = TableViewController.m; sourceTree = "<group>"; };
		E8452D9F1F84FF6E001B9055 /* TableViewCell.h */ = {isa = PBXFileReference; fileEncoding = 4; lastKnownFileType = sourcecode.c.h; path = TableViewCell.h; sourceTree = "<group>"; };
		E8452DA01F84FF6E001B9055 /* TableViewCell.m */ = {isa = PBXFileReference; fileEncoding = 4; lastKnownFileType = sourcecode.c.objc; path = TableViewCell.m; sourceTree = "<group>"; };
		E8452DA11F84FF6E001B9055 /* TableViewCell.xib */ = {isa = PBXFileReference; fileEncoding = 4; lastKnownFileType = file.xib; path = TableViewCell.xib; sourceTree = "<group>"; };
		E8452DA61F852346001B9055 /* CollectionViewController.h */ = {isa = PBXFileReference; fileEncoding = 4; lastKnownFileType = sourcecode.c.h; path = CollectionViewController.h; sourceTree = "<group>"; };
		E8452DA71F852346001B9055 /* CollectionViewController.m */ = {isa = PBXFileReference; fileEncoding = 4; lastKnownFileType = sourcecode.c.objc; path = CollectionViewController.m; sourceTree = "<group>"; };
		E8452DA91F8525F2001B9055 /* CollectionViewCell.h */ = {isa = PBXFileReference; fileEncoding = 4; lastKnownFileType = sourcecode.c.h; path = CollectionViewCell.h; sourceTree = "<group>"; };
		E8452DAA1F8525F2001B9055 /* CollectionViewCell.m */ = {isa = PBXFileReference; fileEncoding = 4; lastKnownFileType = sourcecode.c.objc; path = CollectionViewCell.m; sourceTree = "<group>"; };
		E8452DAB1F8525F2001B9055 /* CollectionViewCell.xib */ = {isa = PBXFileReference; fileEncoding = 4; lastKnownFileType = file.xib; path = CollectionViewCell.xib; sourceTree = "<group>"; };
/* End PBXFileReference section */

/* Begin PBXFrameworksBuildPhase section */
		E8452D651F84D708001B9055 /* Frameworks */ = {
			isa = PBXFrameworksBuildPhase;
			buildActionMask = 2147483647;
			files = (
			);
			runOnlyForDeploymentPostprocessing = 0;
		};
/* End PBXFrameworksBuildPhase section */

/* Begin PBXGroup section */
		E8452D5F1F84D708001B9055 = {
			isa = PBXGroup;
			children = (
				E8452D6A1F84D708001B9055 /* MFAnimationTransitionMigratDemo */,
				E8452D691F84D708001B9055 /* Products */,
			);
			sourceTree = "<group>";
		};
		E8452D691F84D708001B9055 /* Products */ = {
			isa = PBXGroup;
			children = (
				E8452D681F84D708001B9055 /* MFAnimationTransitionMigratDemo.app */,
			);
			name = Products;
			sourceTree = "<group>";
		};
		E8452D6A1F84D708001B9055 /* MFAnimationTransitionMigratDemo */ = {
			isa = PBXGroup;
			children = (
				E8452D841F84DCF5001B9055 /* MFAnimationTransitionMigrat */,
				E8452D6E1F84D708001B9055 /* AppDelegate.h */,
				E8452D6F1F84D708001B9055 /* AppDelegate.m */,
				E8452D911F84DDBA001B9055 /* FirstViewController.h */,
				E8452D921F84DDBA001B9055 /* FirstViewController.m */,
				E8452D961F84E34D001B9055 /* SecondViewController.h */,
				E8452D971F84E34D001B9055 /* SecondViewController.m */,
				E8452D991F84F351001B9055 /* ThirdViewController.h */,
				E8452D9A1F84F351001B9055 /* ThirdViewController.m */,
				E8452D9C1F84FEDC001B9055 /* TableViewController.h */,
				E8452D9D1F84FEDC001B9055 /* TableViewController.m */,
				E8452D9F1F84FF6E001B9055 /* TableViewCell.h */,
				E8452DA01F84FF6E001B9055 /* TableViewCell.m */,
				E8452DA11F84FF6E001B9055 /* TableViewCell.xib */,
				E8452DA61F852346001B9055 /* CollectionViewController.h */,
				E8452DA71F852346001B9055 /* CollectionViewController.m */,
				E8452DA91F8525F2001B9055 /* CollectionViewCell.h */,
				E8452DAA1F8525F2001B9055 /* CollectionViewCell.m */,
				E8452DAB1F8525F2001B9055 /* CollectionViewCell.xib */,
				E8452D771F84D708001B9055 /* Assets.xcassets */,
				E8452D7C1F84D708001B9055 /* Info.plist */,
				E8452D6B1F84D708001B9055 /* Supporting Files */,
			);
			path = MFAnimationTransitionMigratDemo;
			sourceTree = "<group>";
		};
		E8452D6B1F84D708001B9055 /* Supporting Files */ = {
			isa = PBXGroup;
			children = (
				E8452D6C1F84D708001B9055 /* main.m */,
			);
			name = "Supporting Files";
			sourceTree = "<group>";
		};
		E8452D841F84DCF5001B9055 /* MFAnimationTransitionMigrat */ = {
			isa = PBXGroup;
			children = (
				E8452D851F84DCF5001B9055 /* MFAnimationTransitionMigrateEnter.h */,
				E8452D861F84DCF5001B9055 /* MFAnimationTransitionMigrateEnter.m */,
				E8452D871F84DCF5001B9055 /* MFAnimationTransitionMigrateExit.h */,
				E8452D881F84DCF5001B9055 /* MFAnimationTransitionMigrateExit.m */,
				E8452D891F84DCF5001B9055 /* UIViewController+MFAnimationTransitionMigrate.h */,
				E8452D8A1F84DCF5001B9055 /* UIViewController+MFAnimationTransitionMigrate.m */,
			);
			name = MFAnimationTransitionMigrat;
			path = ../../MFAnimationTransitionMigrat;
			sourceTree = "<group>";
		};
/* End PBXGroup section */

/* Begin PBXNativeTarget section */
		E8452D671F84D708001B9055 /* MFAnimationTransitionMigratDemo */ = {
			isa = PBXNativeTarget;
			buildConfigurationList = E8452D7F1F84D708001B9055 /* Build configuration list for PBXNativeTarget "MFAnimationTransitionMigratDemo" */;
			buildPhases = (
				E8452D641F84D708001B9055 /* Sources */,
				E8452D651F84D708001B9055 /* Frameworks */,
				E8452D661F84D708001B9055 /* Resources */,
			);
			buildRules = (
			);
			dependencies = (
			);
			name = MFAnimationTransitionMigratDemo;
			productName = MFAnimationTransitionMigratDemo;
			productReference = E8452D681F84D708001B9055 /* MFAnimationTransitionMigratDemo.app */;
			productType = "com.apple.product-type.application";
		};
/* End PBXNativeTarget section */

/* Begin PBXProject section */
		E8452D601F84D708001B9055 /* Project object */ = {
			isa = PBXProject;
			attributes = {
				LastUpgradeCheck = 0830;
				ORGANIZATIONNAME = "Lyman Li";
				TargetAttributes = {
					E8452D671F84D708001B9055 = {
						CreatedOnToolsVersion = 8.3.3;
						DevelopmentTeam = 7P79J85545;
						ProvisioningStyle = Automatic;
					};
				};
			};
			buildConfigurationList = E8452D631F84D708001B9055 /* Build configuration list for PBXProject "MFAnimationTransitionMigratDemo" */;
			compatibilityVersion = "Xcode 3.2";
			developmentRegion = English;
			hasScannedForEncodings = 0;
			knownRegions = (
				en,
				Base,
			);
			mainGroup = E8452D5F1F84D708001B9055;
			productRefGroup = E8452D691F84D708001B9055 /* Products */;
			projectDirPath = "";
			projectRoot = "";
			targets = (
				E8452D671F84D708001B9055 /* MFAnimationTransitionMigratDemo */,
			);
		};
/* End PBXProject section */

/* Begin PBXResourcesBuildPhase section */
		E8452D661F84D708001B9055 /* Resources */ = {
			isa = PBXResourcesBuildPhase;
			buildActionMask = 2147483647;
			files = (
				E8452D781F84D708001B9055 /* Assets.xcassets in Resources */,
				E8452DA31F84FF6E001B9055 /* TableViewCell.xib in Resources */,
				E8452DAD1F8525F2001B9055 /* CollectionViewCell.xib in Resources */,
			);
			runOnlyForDeploymentPostprocessing = 0;
		};
/* End PBXResourcesBuildPhase section */

/* Begin PBXSourcesBuildPhase section */
		E8452D641F84D708001B9055 /* Sources */ = {
			isa = PBXSourcesBuildPhase;
			buildActionMask = 2147483647;
			files = (
				E8452D8D1F84DCF5001B9055 /* UIViewController+MFAnimationTransitionMigrate.m in Sources */,
				E8452D931F84DDBA001B9055 /* FirstViewController.m in Sources */,
				E8452D9B1F84F351001B9055 /* ThirdViewController.m in Sources */,
				E8452DA21F84FF6E001B9055 /* TableViewCell.m in Sources */,
				E8452D701F84D708001B9055 /* AppDelegate.m in Sources */,
				E8452D9E1F84FEDC001B9055 /* TableViewController.m in Sources */,
				E8452DAC1F8525F2001B9055 /* CollectionViewCell.m in Sources */,
				E8452D981F84E34D001B9055 /* SecondViewController.m in Sources */,
				E8452D6D1F84D708001B9055 /* main.m in Sources */,
				E8452D8C1F84DCF5001B9055 /* MFAnimationTransitionMigrateExit.m in Sources */,
				E8452DA81F852346001B9055 /* CollectionViewController.m in Sources */,
				E8452D8B1F84DCF5001B9055 /* MFAnimationTransitionMigrateEnter.m in Sources */,
			);
			runOnlyForDeploymentPostprocessing = 0;
		};
/* End PBXSourcesBuildPhase section */

/* Begin XCBuildConfiguration section */
		E8452D7D1F84D708001B9055 /* Debug */ = {
			isa = XCBuildConfiguration;
			buildSettings = {
				ALWAYS_SEARCH_USER_PATHS = NO;
				CLANG_ANALYZER_NONNULL = YES;
				CLANG_ANALYZER_NUMBER_OBJECT_CONVERSION = YES_AGGRESSIVE;
				CLANG_CXX_LANGUAGE_STANDARD = "gnu++0x";
				CLANG_CXX_LIBRARY = "libc++";
				CLANG_ENABLE_MODULES = YES;
				CLANG_ENABLE_OBJC_ARC = YES;
				CLANG_WARN_BOOL_CONVERSION = YES;
				CLANG_WARN_CONSTANT_CONVERSION = YES;
				CLANG_WARN_DIRECT_OBJC_ISA_USAGE = YES_ERROR;
				CLANG_WARN_DOCUMENTATION_COMMENTS = YES;
				CLANG_WARN_EMPTY_BODY = YES;
				CLANG_WARN_ENUM_CONVERSION = YES;
				CLANG_WARN_INFINITE_RECURSION = YES;
				CLANG_WARN_INT_CONVERSION = YES;
				CLANG_WARN_OBJC_ROOT_CLASS = YES_ERROR;
				CLANG_WARN_SUSPICIOUS_MOVE = YES;
				CLANG_WARN_UNREACHABLE_CODE = YES;
				CLANG_WARN__DUPLICATE_METHOD_MATCH = YES;
				"CODE_SIGN_IDENTITY[sdk=iphoneos*]" = "iPhone Developer";
				COPY_PHASE_STRIP = NO;
				DEBUG_INFORMATION_FORMAT = dwarf;
				ENABLE_STRICT_OBJC_MSGSEND = YES;
				ENABLE_TESTABILITY = YES;
				GCC_C_LANGUAGE_STANDARD = gnu99;
				GCC_DYNAMIC_NO_PIC = NO;
				GCC_NO_COMMON_BLOCKS = YES;
				GCC_OPTIMIZATION_LEVEL = 0;
				GCC_PREPROCESSOR_DEFINITIONS = (
					"DEBUG=1",
					"$(inherited)",
				);
				GCC_WARN_64_TO_32_BIT_CONVERSION = YES;
				GCC_WARN_ABOUT_RETURN_TYPE = YES_ERROR;
				GCC_WARN_UNDECLARED_SELECTOR = YES;
				GCC_WARN_UNINITIALIZED_AUTOS = YES_AGGRESSIVE;
				GCC_WARN_UNUSED_FUNCTION = YES;
				GCC_WARN_UNUSED_VARIABLE = YES;
				IPHONEOS_DEPLOYMENT_TARGET = 10.3;
				MTL_ENABLE_DEBUG_INFO = YES;
				ONLY_ACTIVE_ARCH = YES;
				SDKROOT = iphoneos;
			};
			name = Debug;
		};
		E8452D7E1F84D708001B9055 /* Release */ = {
			isa = XCBuildConfiguration;
			buildSettings = {
				ALWAYS_SEARCH_USER_PATHS = NO;
				CLANG_ANALYZER_NONNULL = YES;
				CLANG_ANALYZER_NUMBER_OBJECT_CONVERSION = YES_AGGRESSIVE;
				CLANG_CXX_LANGUAGE_STANDARD = "gnu++0x";
				CLANG_CXX_LIBRARY = "libc++";
				CLANG_ENABLE_MODULES = YES;
				CLANG_ENABLE_OBJC_ARC = YES;
				CLANG_WARN_BOOL_CONVERSION = YES;
				CLANG_WARN_CONSTANT_CONVERSION = YES;
				CLANG_WARN_DIRECT_OBJC_ISA_USAGE = YES_ERROR;
				CLANG_WARN_DOCUMENTATION_COMMENTS = YES;
				CLANG_WARN_EMPTY_BODY = YES;
				CLANG_WARN_ENUM_CONVERSION = YES;
				CLANG_WARN_INFINITE_RECURSION = YES;
				CLANG_WARN_INT_CONVERSION = YES;
				CLANG_WARN_OBJC_ROOT_CLASS = YES_ERROR;
				CLANG_WARN_SUSPICIOUS_MOVE = YES;
				CLANG_WARN_UNREACHABLE_CODE = YES;
				CLANG_WARN__DUPLICATE_METHOD_MATCH = YES;
				"CODE_SIGN_IDENTITY[sdk=iphoneos*]" = "iPhone Developer";
				COPY_PHASE_STRIP = NO;
				DEBUG_INFORMATION_FORMAT = "dwarf-with-dsym";
				ENABLE_NS_ASSERTIONS = NO;
				ENABLE_STRICT_OBJC_MSGSEND = YES;
				GCC_C_LANGUAGE_STANDARD = gnu99;
				GCC_NO_COMMON_BLOCKS = YES;
				GCC_WARN_64_TO_32_BIT_CONVERSION = YES;
				GCC_WARN_ABOUT_RETURN_TYPE = YES_ERROR;
				GCC_WARN_UNDECLARED_SELECTOR = YES;
				GCC_WARN_UNINITIALIZED_AUTOS = YES_AGGRESSIVE;
				GCC_WARN_UNUSED_FUNCTION = YES;
				GCC_WARN_UNUSED_VARIABLE = YES;
				IPHONEOS_DEPLOYMENT_TARGET = 10.3;
				MTL_ENABLE_DEBUG_INFO = NO;
				SDKROOT = iphoneos;
				VALIDATE_PRODUCT = YES;
			};
			name = Release;
		};
		E8452D801F84D708001B9055 /* Debug */ = {
			isa = XCBuildConfiguration;
			buildSettings = {
				ASSETCATALOG_COMPILER_APPICON_NAME = AppIcon;
				DEVELOPMENT_TEAM = 7P79J85545;
				INFOPLIST_FILE = MFAnimationTransitionMigratDemo/Info.plist;
				LD_RUNPATH_SEARCH_PATHS = "$(inherited) @executable_path/Frameworks";
				PRODUCT_BUNDLE_IDENTIFIER = com.lyman.MFAnimationTransitionMigratDemo;
				PRODUCT_NAME = "$(TARGET_NAME)";
			};
			name = Debug;
		};
		E8452D811F84D708001B9055 /* Release */ = {
			isa = XCBuildConfiguration;
			buildSettings = {
				ASSETCATALOG_COMPILER_APPICON_NAME = AppIcon;
				DEVELOPMENT_TEAM = 7P79J85545;
				INFOPLIST_FILE = MFAnimationTransitionMigratDemo/Info.plist;
				LD_RUNPATH_SEARCH_PATHS = "$(inherited) @executable_path/Frameworks";
				PRODUCT_BUNDLE_IDENTIFIER = com.lyman.MFAnimationTransitionMigratDemo;
				PRODUCT_NAME = "$(TARGET_NAME)";
			};
			name = Release;
		};
/* End XCBuildConfiguration section */

/* Begin XCConfigurationList section */
		E8452D631F84D708001B9055 /* Build configuration list for PBXProject "MFAnimationTransitionMigratDemo" */ = {
			isa = XCConfigurationList;
			buildConfigurations = (
				E8452D7D1F84D708001B9055 /* Debug */,
				E8452D7E1F84D708001B9055 /* Release */,
			);
			defaultConfigurationIsVisible = 0;
			defaultConfigurationName = Release;
		};
		E8452D7F1F84D708001B9055 /* Build configuration list for PBXNativeTarget "MFAnimationTransitionMigratDemo" */ = {
			isa = XCConfigurationList;
			buildConfigurations = (
				E8452D801F84D708001B9055 /* Debug */,
				E8452D811F84D708001B9055 /* Release */,
			);
			defaultConfigurationIsVisible = 0;
			defaultConfigurationName = Release;
		};
/* End XCConfigurationList section */
	};
	rootObject = E8452D601F84D708001B9055 /* Project object */;
}
